// !$*UTF8*$!
{
	archiveVersion = 1;
	classes = {
	};
	objectVersion = 46;
	objects = {

/* Begin PBXBuildFile section */
		0D0624171D2C2B260051FDF0 /* Device.swift in Sources */ = {isa = PBXBuildFile; fileRef = 0D0624161D2C2B260051FDF0 /* Device.swift */; };
		0D249A4B1D2D703E00855178 /* DeviceViewModel.swift in Sources */ = {isa = PBXBuildFile; fileRef = 0D249A4A1D2D703E00855178 /* DeviceViewModel.swift */; };
		0D249A4D1D2D764400855178 /* IpInfoAPIService.swift in Sources */ = {isa = PBXBuildFile; fileRef = 0D249A4C1D2D764400855178 /* IpInfoAPIService.swift */; };
		0D249A4F1D2D814E00855178 /* DeviceInfo.swift in Sources */ = {isa = PBXBuildFile; fileRef = 0D249A4E1D2D814E00855178 /* DeviceInfo.swift */; };
		0D4A762F1D2B3CF300C32907 /* Text.swift in Sources */ = {isa = PBXBuildFile; fileRef = 0D4A762E1D2B3CF300C32907 /* Text.swift */; };
		0D4A76311D2B3D8800C32907 /* UIViewController+presentError.swift in Sources */ = {isa = PBXBuildFile; fileRef = 0D4A76301D2B3D8800C32907 /* UIViewController+presentError.swift */; };
		0D5D713A1CECD12F000125FC /* AppDelegate.swift in Sources */ = {isa = PBXBuildFile; fileRef = 0D5D71391CECD12F000125FC /* AppDelegate.swift */; };
		0D5D71411CECD12F000125FC /* Main.storyboard in Resources */ = {isa = PBXBuildFile; fileRef = 0D5D713F1CECD12F000125FC /* Main.storyboard */; };
		0D5D71431CECD12F000125FC /* Assets.xcassets in Resources */ = {isa = PBXBuildFile; fileRef = 0D5D71421CECD12F000125FC /* Assets.xcassets */; };
		0D5D71461CECD12F000125FC /* LaunchScreen.storyboard in Resources */ = {isa = PBXBuildFile; fileRef = 0D5D71441CECD12F000125FC /* LaunchScreen.storyboard */; };
		0D5D71511CECD12F000125FC /* sismicappTests.swift in Sources */ = {isa = PBXBuildFile; fileRef = 0D5D71501CECD12F000125FC /* sismicappTests.swift */; };
		0D5D715C1CECD12F000125FC /* sismicappUITests.swift in Sources */ = {isa = PBXBuildFile; fileRef = 0D5D715B1CECD12F000125FC /* sismicappUITests.swift */; };
		0DB4E9F21D333762002690EA /* Alamofire.framework in Frameworks */ = {isa = PBXBuildFile; fileRef = 0DB4E9EC1D333762002690EA /* Alamofire.framework */; };
		0DB4E9F31D333762002690EA /* RxAlamofire.framework in Frameworks */ = {isa = PBXBuildFile; fileRef = 0DB4E9ED1D333762002690EA /* RxAlamofire.framework */; };
		0DB4E9F41D333762002690EA /* RxBlocking.framework in Frameworks */ = {isa = PBXBuildFile; fileRef = 0DB4E9EE1D333762002690EA /* RxBlocking.framework */; };
		0DB4E9F51D333762002690EA /* RxCocoa.framework in Frameworks */ = {isa = PBXBuildFile; fileRef = 0DB4E9EF1D333762002690EA /* RxCocoa.framework */; };
		0DB4E9F61D333762002690EA /* RxSwift.framework in Frameworks */ = {isa = PBXBuildFile; fileRef = 0DB4E9F01D333762002690EA /* RxSwift.framework */; };
		0DB4E9F71D333762002690EA /* SwiftyJSON.framework in Frameworks */ = {isa = PBXBuildFile; fileRef = 0DB4E9F11D333762002690EA /* SwiftyJSON.framework */; };
		0DDD2A331D1351EA002BC775 /* GoogleService-Info.plist in Resources */ = {isa = PBXBuildFile; fileRef = 0DDD2A321D1351EA002BC775 /* GoogleService-Info.plist */; };
		0DE18D811D26DA9C00EF39E2 /* EmergencyNumbersController.swift in Sources */ = {isa = PBXBuildFile; fileRef = 0DE18D781D26DA9C00EF39E2 /* EmergencyNumbersController.swift */; };
		0DE18D821D26DA9C00EF39E2 /* FeedbackController.swift in Sources */ = {isa = PBXBuildFile; fileRef = 0DE18D791D26DA9C00EF39E2 /* FeedbackController.swift */; };
		0DE18D831D26DA9C00EF39E2 /* HomeController.swift in Sources */ = {isa = PBXBuildFile; fileRef = 0DE18D7A1D26DA9C00EF39E2 /* HomeController.swift */; };
		0DE18D841D26DA9C00EF39E2 /* InformationController.swift in Sources */ = {isa = PBXBuildFile; fileRef = 0DE18D7B1D26DA9C00EF39E2 /* InformationController.swift */; };
		0DE18D851D26DA9C00EF39E2 /* NotificationsController.swift in Sources */ = {isa = PBXBuildFile; fileRef = 0DE18D7C1D26DA9C00EF39E2 /* NotificationsController.swift */; };
		0DE18D861D26DA9C00EF39E2 /* RedButtonController.swift in Sources */ = {isa = PBXBuildFile; fileRef = 0DE18D7D1D26DA9C00EF39E2 /* RedButtonController.swift */; };
		0DE18D871D26DA9C00EF39E2 /* SeismController.swift in Sources */ = {isa = PBXBuildFile; fileRef = 0DE18D7E1D26DA9C00EF39E2 /* SeismController.swift */; };
		0DE18D881D26DA9C00EF39E2 /* SettingsController.swift in Sources */ = {isa = PBXBuildFile; fileRef = 0DE18D7F1D26DA9C00EF39E2 /* SettingsController.swift */; };
		0DE18D8D1D26DCAF00EF39E2 /* PhoneNumbersCell.swift in Sources */ = {isa = PBXBuildFile; fileRef = 0DE18D8C1D26DCAF00EF39E2 /* PhoneNumbersCell.swift */; };
		0DE18D901D26F34D00EF39E2 /* EmergencyService.swift in Sources */ = {isa = PBXBuildFile; fileRef = 0DE18D8F1D26F34D00EF39E2 /* EmergencyService.swift */; };
		0DE18D921D26F44300EF39E2 /* EmergencyServiceViewModel.swift in Sources */ = {isa = PBXBuildFile; fileRef = 0DE18D911D26F44300EF39E2 /* EmergencyServiceViewModel.swift */; };
		0DE34B4B1D36C92B00742793 /* SeismCell.swift in Sources */ = {isa = PBXBuildFile; fileRef = 0DE34B4A1D36C92B00742793 /* SeismCell.swift */; };
		0DE7278E1D3805B40006796D /* Seism.swift in Sources */ = {isa = PBXBuildFile; fileRef = 0DE7278D1D3805B40006796D /* Seism.swift */; };
		0DE727901D3809BE0006796D /* SeismListViewModel.swift in Sources */ = {isa = PBXBuildFile; fileRef = 0DE7278F1D3809BE0006796D /* SeismListViewModel.swift */; };
		0DFC0C591D395AB600DADCF9 /* SeismDetailViewModel.swift in Sources */ = {isa = PBXBuildFile; fileRef = 0DFC0C581D395AB600DADCF9 /* SeismDetailViewModel.swift */; };
		0DFD00021D28783100DD0111 /* SismicappAPIService.swift in Sources */ = {isa = PBXBuildFile; fileRef = 0DFD00011D28783100DD0111 /* SismicappAPIService.swift */; };
		328867552653B782078C1AF3 /* Pods_sismicapp.framework in Frameworks */ = {isa = PBXBuildFile; fileRef = C274961A5E7AEC3E6D378FAA /* Pods_sismicapp.framework */; };
		68E2D695139D900A8BE316C1 /* Pods_sismicappUITests.framework in Frameworks */ = {isa = PBXBuildFile; fileRef = 5C0061A2D95E98941D3CB8AC /* Pods_sismicappUITests.framework */; };
		EE1024BE8F1242A9DD02E925 /* Pods_sismicappTests.framework in Frameworks */ = {isa = PBXBuildFile; fileRef = 55788E71FD09D340C2DCEDF6 /* Pods_sismicappTests.framework */; };
/* End PBXBuildFile section */

/* Begin PBXContainerItemProxy section */
		0D5D714D1CECD12F000125FC /* PBXContainerItemProxy */ = {
			isa = PBXContainerItemProxy;
			containerPortal = 0D5D712E1CECD12E000125FC /* Project object */;
			proxyType = 1;
			remoteGlobalIDString = 0D5D71351CECD12E000125FC;
			remoteInfo = sismicapp;
		};
		0D5D71581CECD12F000125FC /* PBXContainerItemProxy */ = {
			isa = PBXContainerItemProxy;
			containerPortal = 0D5D712E1CECD12E000125FC /* Project object */;
			proxyType = 1;
			remoteGlobalIDString = 0D5D71351CECD12E000125FC;
			remoteInfo = sismicapp;
		};
/* End PBXContainerItemProxy section */

/* Begin PBXFileReference section */
		0BB3F19778752E9214A01DD3 /* Pods-sismicappUITests.debug.xcconfig */ = {isa = PBXFileReference; includeInIndex = 1; lastKnownFileType = text.xcconfig; name = "Pods-sismicappUITests.debug.xcconfig"; path = "Pods/Target Support Files/Pods-sismicappUITests/Pods-sismicappUITests.debug.xcconfig"; sourceTree = "<group>"; };
		0D0624161D2C2B260051FDF0 /* Device.swift */ = {isa = PBXFileReference; fileEncoding = 4; lastKnownFileType = sourcecode.swift; name = Device.swift; path = Models/Device.swift; sourceTree = "<group>"; };
		0D249A4A1D2D703E00855178 /* DeviceViewModel.swift */ = {isa = PBXFileReference; fileEncoding = 4; lastKnownFileType = sourcecode.swift; name = DeviceViewModel.swift; path = ViewModels/DeviceViewModel.swift; sourceTree = "<group>"; };
		0D249A4C1D2D764400855178 /* IpInfoAPIService.swift */ = {isa = PBXFileReference; fileEncoding = 4; lastKnownFileType = sourcecode.swift; name = IpInfoAPIService.swift; path = API/IpInfoAPIService.swift; sourceTree = "<group>"; };
		0D249A4E1D2D814E00855178 /* DeviceInfo.swift */ = {isa = PBXFileReference; fileEncoding = 4; lastKnownFileType = sourcecode.swift; name = DeviceInfo.swift; path = Helpers/DeviceInfo.swift; sourceTree = "<group>"; };
		0D4A762E1D2B3CF300C32907 /* Text.swift */ = {isa = PBXFileReference; fileEncoding = 4; lastKnownFileType = sourcecode.swift; name = Text.swift; path = Helpers/Text.swift; sourceTree = "<group>"; };
		0D4A76301D2B3D8800C32907 /* UIViewController+presentError.swift */ = {isa = PBXFileReference; fileEncoding = 4; lastKnownFileType = sourcecode.swift; name = "UIViewController+presentError.swift"; path = "View/UIViewController+presentError.swift"; sourceTree = "<group>"; };
		0D5D71361CECD12E000125FC /* sismicapp.app */ = {isa = PBXFileReference; explicitFileType = wrapper.application; includeInIndex = 0; path = sismicapp.app; sourceTree = BUILT_PRODUCTS_DIR; };
		0D5D71391CECD12F000125FC /* AppDelegate.swift */ = {isa = PBXFileReference; lastKnownFileType = sourcecode.swift; path = AppDelegate.swift; sourceTree = "<group>"; };
		0D5D71401CECD12F000125FC /* Base */ = {isa = PBXFileReference; lastKnownFileType = file.storyboard; name = Base; path = Base.lproj/Main.storyboard; sourceTree = "<group>"; };
		0D5D71421CECD12F000125FC /* Assets.xcassets */ = {isa = PBXFileReference; lastKnownFileType = folder.assetcatalog; path = Assets.xcassets; sourceTree = "<group>"; };
		0D5D71451CECD12F000125FC /* Base */ = {isa = PBXFileReference; lastKnownFileType = file.storyboard; name = Base; path = Base.lproj/LaunchScreen.storyboard; sourceTree = "<group>"; };
		0D5D71471CECD12F000125FC /* Info.plist */ = {isa = PBXFileReference; lastKnownFileType = text.plist.xml; path = Info.plist; sourceTree = "<group>"; };
		0D5D714C1CECD12F000125FC /* sismicappTests.xctest */ = {isa = PBXFileReference; explicitFileType = wrapper.cfbundle; includeInIndex = 0; path = sismicappTests.xctest; sourceTree = BUILT_PRODUCTS_DIR; };
		0D5D71501CECD12F000125FC /* sismicappTests.swift */ = {isa = PBXFileReference; lastKnownFileType = sourcecode.swift; path = sismicappTests.swift; sourceTree = "<group>"; };
		0D5D71521CECD12F000125FC /* Info.plist */ = {isa = PBXFileReference; lastKnownFileType = text.plist.xml; path = Info.plist; sourceTree = "<group>"; };
		0D5D71571CECD12F000125FC /* sismicappUITests.xctest */ = {isa = PBXFileReference; explicitFileType = wrapper.cfbundle; includeInIndex = 0; path = sismicappUITests.xctest; sourceTree = BUILT_PRODUCTS_DIR; };
		0D5D715B1CECD12F000125FC /* sismicappUITests.swift */ = {isa = PBXFileReference; lastKnownFileType = sourcecode.swift; path = sismicappUITests.swift; sourceTree = "<group>"; };
		0D5D715D1CECD12F000125FC /* Info.plist */ = {isa = PBXFileReference; lastKnownFileType = text.plist.xml; path = Info.plist; sourceTree = "<group>"; };
		0DB4E9EC1D333762002690EA /* Alamofire.framework */ = {isa = PBXFileReference; lastKnownFileType = wrapper.framework; name = Alamofire.framework; path = "../../Library/Developer/Xcode/DerivedData/sismicapp-givqarzhpxudxcddnstqkcczgzau/Build/Products/Debug-iphonesimulator/Alamofire/Alamofire.framework"; sourceTree = "<group>"; };
		0DB4E9ED1D333762002690EA /* RxAlamofire.framework */ = {isa = PBXFileReference; lastKnownFileType = wrapper.framework; name = RxAlamofire.framework; path = "../../Library/Developer/Xcode/DerivedData/sismicapp-givqarzhpxudxcddnstqkcczgzau/Build/Products/Debug-iphonesimulator/RxAlamofire/RxAlamofire.framework"; sourceTree = "<group>"; };
		0DB4E9EE1D333762002690EA /* RxBlocking.framework */ = {isa = PBXFileReference; lastKnownFileType = wrapper.framework; name = RxBlocking.framework; path = "../../Library/Developer/Xcode/DerivedData/sismicapp-givqarzhpxudxcddnstqkcczgzau/Build/Products/Debug-iphonesimulator/RxBlocking/RxBlocking.framework"; sourceTree = "<group>"; };
		0DB4E9EF1D333762002690EA /* RxCocoa.framework */ = {isa = PBXFileReference; lastKnownFileType = wrapper.framework; name = RxCocoa.framework; path = "../../Library/Developer/Xcode/DerivedData/sismicapp-givqarzhpxudxcddnstqkcczgzau/Build/Products/Debug-iphonesimulator/RxCocoa/RxCocoa.framework"; sourceTree = "<group>"; };
		0DB4E9F01D333762002690EA /* RxSwift.framework */ = {isa = PBXFileReference; lastKnownFileType = wrapper.framework; name = RxSwift.framework; path = "../../Library/Developer/Xcode/DerivedData/sismicapp-givqarzhpxudxcddnstqkcczgzau/Build/Products/Debug-iphonesimulator/RxSwift/RxSwift.framework"; sourceTree = "<group>"; };
		0DB4E9F11D333762002690EA /* SwiftyJSON.framework */ = {isa = PBXFileReference; lastKnownFileType = wrapper.framework; name = SwiftyJSON.framework; path = "../../Library/Developer/Xcode/DerivedData/sismicapp-givqarzhpxudxcddnstqkcczgzau/Build/Products/Debug-iphonesimulator/SwiftyJSON/SwiftyJSON.framework"; sourceTree = "<group>"; };
		0DDD2A321D1351EA002BC775 /* GoogleService-Info.plist */ = {isa = PBXFileReference; fileEncoding = 4; lastKnownFileType = text.plist.xml; path = "GoogleService-Info.plist"; sourceTree = "<group>"; };
		0DE18D781D26DA9C00EF39E2 /* EmergencyNumbersController.swift */ = {isa = PBXFileReference; fileEncoding = 4; lastKnownFileType = sourcecode.swift; name = EmergencyNumbersController.swift; path = View/EmergencyNumbersController.swift; sourceTree = "<group>"; };
		0DE18D791D26DA9C00EF39E2 /* FeedbackController.swift */ = {isa = PBXFileReference; fileEncoding = 4; lastKnownFileType = sourcecode.swift; name = FeedbackController.swift; path = View/FeedbackController.swift; sourceTree = "<group>"; };
		0DE18D7A1D26DA9C00EF39E2 /* HomeController.swift */ = {isa = PBXFileReference; fileEncoding = 4; lastKnownFileType = sourcecode.swift; name = HomeController.swift; path = View/HomeController.swift; sourceTree = "<group>"; };
		0DE18D7B1D26DA9C00EF39E2 /* InformationController.swift */ = {isa = PBXFileReference; fileEncoding = 4; lastKnownFileType = sourcecode.swift; name = InformationController.swift; path = View/InformationController.swift; sourceTree = "<group>"; };
		0DE18D7C1D26DA9C00EF39E2 /* NotificationsController.swift */ = {isa = PBXFileReference; fileEncoding = 4; lastKnownFileType = sourcecode.swift; name = NotificationsController.swift; path = View/NotificationsController.swift; sourceTree = "<group>"; };
		0DE18D7D1D26DA9C00EF39E2 /* RedButtonController.swift */ = {isa = PBXFileReference; fileEncoding = 4; lastKnownFileType = sourcecode.swift; name = RedButtonController.swift; path = View/RedButtonController.swift; sourceTree = "<group>"; };
		0DE18D7E1D26DA9C00EF39E2 /* SeismController.swift */ = {isa = PBXFileReference; fileEncoding = 4; lastKnownFileType = sourcecode.swift; name = SeismController.swift; path = View/SeismController.swift; sourceTree = "<group>"; };
		0DE18D7F1D26DA9C00EF39E2 /* SettingsController.swift */ = {isa = PBXFileReference; fileEncoding = 4; lastKnownFileType = sourcecode.swift; name = SettingsController.swift; path = View/SettingsController.swift; sourceTree = "<group>"; };
		0DE18D8C1D26DCAF00EF39E2 /* PhoneNumbersCell.swift */ = {isa = PBXFileReference; fileEncoding = 4; lastKnownFileType = sourcecode.swift; name = PhoneNumbersCell.swift; path = View/Cells/PhoneNumbersCell.swift; sourceTree = "<group>"; };
		0DE18D8F1D26F34D00EF39E2 /* EmergencyService.swift */ = {isa = PBXFileReference; fileEncoding = 4; lastKnownFileType = sourcecode.swift; name = EmergencyService.swift; path = Models/EmergencyService.swift; sourceTree = "<group>"; };
		0DE18D911D26F44300EF39E2 /* EmergencyServiceViewModel.swift */ = {isa = PBXFileReference; fileEncoding = 4; lastKnownFileType = sourcecode.swift; name = EmergencyServiceViewModel.swift; path = ViewModels/EmergencyServiceViewModel.swift; sourceTree = "<group>"; };
		0DE34B4A1D36C92B00742793 /* SeismCell.swift */ = {isa = PBXFileReference; fileEncoding = 4; lastKnownFileType = sourcecode.swift; name = SeismCell.swift; path = View/Cells/SeismCell.swift; sourceTree = "<group>"; };
		0DE7278D1D3805B40006796D /* Seism.swift */ = {isa = PBXFileReference; fileEncoding = 4; lastKnownFileType = sourcecode.swift; name = Seism.swift; path = Models/Seism.swift; sourceTree = "<group>"; };
		0DE7278F1D3809BE0006796D /* SeismListViewModel.swift */ = {isa = PBXFileReference; fileEncoding = 4; lastKnownFileType = sourcecode.swift; name = SeismListViewModel.swift; path = ViewModels/SeismListViewModel.swift; sourceTree = "<group>"; };
		0DFC0C581D395AB600DADCF9 /* SeismDetailViewModel.swift */ = {isa = PBXFileReference; fileEncoding = 4; lastKnownFileType = sourcecode.swift; name = SeismDetailViewModel.swift; path = ViewModels/SeismDetailViewModel.swift; sourceTree = "<group>"; };
		0DFD00011D28783100DD0111 /* SismicappAPIService.swift */ = {isa = PBXFileReference; fileEncoding = 4; lastKnownFileType = sourcecode.swift; name = SismicappAPIService.swift; path = API/SismicappAPIService.swift; sourceTree = "<group>"; };
		55788E71FD09D340C2DCEDF6 /* Pods_sismicappTests.framework */ = {isa = PBXFileReference; explicitFileType = wrapper.framework; includeInIndex = 0; path = Pods_sismicappTests.framework; sourceTree = BUILT_PRODUCTS_DIR; };
		5C0061A2D95E98941D3CB8AC /* Pods_sismicappUITests.framework */ = {isa = PBXFileReference; explicitFileType = wrapper.framework; includeInIndex = 0; path = Pods_sismicappUITests.framework; sourceTree = BUILT_PRODUCTS_DIR; };
		7B3356C173A31D813037E03B /* Pods-sismicappTests.debug.xcconfig */ = {isa = PBXFileReference; includeInIndex = 1; lastKnownFileType = text.xcconfig; name = "Pods-sismicappTests.debug.xcconfig"; path = "Pods/Target Support Files/Pods-sismicappTests/Pods-sismicappTests.debug.xcconfig"; sourceTree = "<group>"; };
		7DEFC4C69783DF59CC25FA87 /* Pods-sismicapp.release.xcconfig */ = {isa = PBXFileReference; includeInIndex = 1; lastKnownFileType = text.xcconfig; name = "Pods-sismicapp.release.xcconfig"; path = "Pods/Target Support Files/Pods-sismicapp/Pods-sismicapp.release.xcconfig"; sourceTree = "<group>"; };
		7E52EF8E984E5EA7F5F76926 /* Pods-sismicapp.debug.xcconfig */ = {isa = PBXFileReference; includeInIndex = 1; lastKnownFileType = text.xcconfig; name = "Pods-sismicapp.debug.xcconfig"; path = "Pods/Target Support Files/Pods-sismicapp/Pods-sismicapp.debug.xcconfig"; sourceTree = "<group>"; };
		91BA1D753991A21E501A7EBD /* Pods-sismicappTests.release.xcconfig */ = {isa = PBXFileReference; includeInIndex = 1; lastKnownFileType = text.xcconfig; name = "Pods-sismicappTests.release.xcconfig"; path = "Pods/Target Support Files/Pods-sismicappTests/Pods-sismicappTests.release.xcconfig"; sourceTree = "<group>"; };
		C21D9D1ED4B73F381738FCAF /* Pods-sismicappUITests.release.xcconfig */ = {isa = PBXFileReference; includeInIndex = 1; lastKnownFileType = text.xcconfig; name = "Pods-sismicappUITests.release.xcconfig"; path = "Pods/Target Support Files/Pods-sismicappUITests/Pods-sismicappUITests.release.xcconfig"; sourceTree = "<group>"; };
		C274961A5E7AEC3E6D378FAA /* Pods_sismicapp.framework */ = {isa = PBXFileReference; explicitFileType = wrapper.framework; includeInIndex = 0; path = Pods_sismicapp.framework; sourceTree = BUILT_PRODUCTS_DIR; };
/* End PBXFileReference section */

/* Begin PBXFrameworksBuildPhase section */
		0D5D71331CECD12E000125FC /* Frameworks */ = {
			isa = PBXFrameworksBuildPhase;
			buildActionMask = 2147483647;
			files = (
				0DB4E9F21D333762002690EA /* Alamofire.framework in Frameworks */,
				0DB4E9F31D333762002690EA /* RxAlamofire.framework in Frameworks */,
				0DB4E9F41D333762002690EA /* RxBlocking.framework in Frameworks */,
				0DB4E9F51D333762002690EA /* RxCocoa.framework in Frameworks */,
				0DB4E9F61D333762002690EA /* RxSwift.framework in Frameworks */,
				0DB4E9F71D333762002690EA /* SwiftyJSON.framework in Frameworks */,
				328867552653B782078C1AF3 /* Pods_sismicapp.framework in Frameworks */,
			);
			runOnlyForDeploymentPostprocessing = 0;
		};
		0D5D71491CECD12F000125FC /* Frameworks */ = {
			isa = PBXFrameworksBuildPhase;
			buildActionMask = 2147483647;
			files = (
				EE1024BE8F1242A9DD02E925 /* Pods_sismicappTests.framework in Frameworks */,
			);
			runOnlyForDeploymentPostprocessing = 0;
		};
		0D5D71541CECD12F000125FC /* Frameworks */ = {
			isa = PBXFrameworksBuildPhase;
			buildActionMask = 2147483647;
			files = (
				68E2D695139D900A8BE316C1 /* Pods_sismicappUITests.framework in Frameworks */,
			);
			runOnlyForDeploymentPostprocessing = 0;
		};
/* End PBXFrameworksBuildPhase section */

/* Begin PBXGroup section */
		0D4A762D1D2B3CDA00C32907 /* Helpers */ = {
			isa = PBXGroup;
			children = (
				0D249A4E1D2D814E00855178 /* DeviceInfo.swift */,
				0D4A762E1D2B3CF300C32907 /* Text.swift */,
			);
			name = Helpers;
			sourceTree = "<group>";
		};
		0D5D712D1CECD12E000125FC = {
			isa = PBXGroup;
			children = (
				0D5D71381CECD12F000125FC /* sismicapp */,
				0D5D714F1CECD12F000125FC /* sismicappTests */,
				0D5D715A1CECD12F000125FC /* sismicappUITests */,
				0D5D71371CECD12E000125FC /* Products */,
				CDDA63EC2AA09F0281E80CDC /* Pods */,
				9B6A1882D789D84E2CF3D38A /* Frameworks */,
			);
			sourceTree = "<group>";
		};
		0D5D71371CECD12E000125FC /* Products */ = {
			isa = PBXGroup;
			children = (
				0D5D71361CECD12E000125FC /* sismicapp.app */,
				0D5D714C1CECD12F000125FC /* sismicappTests.xctest */,
				0D5D71571CECD12F000125FC /* sismicappUITests.xctest */,
			);
			name = Products;
			sourceTree = "<group>";
		};
		0D5D71381CECD12F000125FC /* sismicapp */ = {
			isa = PBXGroup;
			children = (
				0D4A762D1D2B3CDA00C32907 /* Helpers */,
				0DFD00001D2877F900DD0111 /* API */,
				0DE18D8A1D26DAC900EF39E2 /* Models */,
				0DE18D891D26DAC100EF39E2 /* Views */,
				0DE18D8B1D26DAD700EF39E2 /* ViewModels */,
				0D5D71391CECD12F000125FC /* AppDelegate.swift */,
				0D5D713F1CECD12F000125FC /* Main.storyboard */,
				0D5D71421CECD12F000125FC /* Assets.xcassets */,
				0D5D71441CECD12F000125FC /* LaunchScreen.storyboard */,
				0D5D71471CECD12F000125FC /* Info.plist */,
				0DDD2A321D1351EA002BC775 /* GoogleService-Info.plist */,
			);
			path = sismicapp;
			sourceTree = "<group>";
		};
		0D5D714F1CECD12F000125FC /* sismicappTests */ = {
			isa = PBXGroup;
			children = (
				0D5D71501CECD12F000125FC /* sismicappTests.swift */,
				0D5D71521CECD12F000125FC /* Info.plist */,
			);
			path = sismicappTests;
			sourceTree = "<group>";
		};
		0D5D715A1CECD12F000125FC /* sismicappUITests */ = {
			isa = PBXGroup;
			children = (
				0D5D715B1CECD12F000125FC /* sismicappUITests.swift */,
				0D5D715D1CECD12F000125FC /* Info.plist */,
			);
			path = sismicappUITests;
			sourceTree = "<group>";
		};
		0DE18D891D26DAC100EF39E2 /* Views */ = {
			isa = PBXGroup;
			children = (
				0DE18D8E1D26DCB700EF39E2 /* Cells */,
				0DE18D781D26DA9C00EF39E2 /* EmergencyNumbersController.swift */,
				0DE18D791D26DA9C00EF39E2 /* FeedbackController.swift */,
				0DE18D7A1D26DA9C00EF39E2 /* HomeController.swift */,
				0DE18D7B1D26DA9C00EF39E2 /* InformationController.swift */,
				0DE18D7C1D26DA9C00EF39E2 /* NotificationsController.swift */,
				0DE18D7D1D26DA9C00EF39E2 /* RedButtonController.swift */,
				0DE18D7E1D26DA9C00EF39E2 /* SeismController.swift */,
				0DE18D7F1D26DA9C00EF39E2 /* SettingsController.swift */,
				0D4A76301D2B3D8800C32907 /* UIViewController+presentError.swift */,
			);
			name = Views;
			sourceTree = "<group>";
		};
		0DE18D8A1D26DAC900EF39E2 /* Models */ = {
			isa = PBXGroup;
			children = (
				0D0624161D2C2B260051FDF0 /* Device.swift */,
				0DE18D8F1D26F34D00EF39E2 /* EmergencyService.swift */,
				0DE7278D1D3805B40006796D /* Seism.swift */,
			);
			name = Models;
			sourceTree = "<group>";
		};
		0DE18D8B1D26DAD700EF39E2 /* ViewModels */ = {
			isa = PBXGroup;
			children = (
				0D249A4A1D2D703E00855178 /* DeviceViewModel.swift */,
				0DE18D911D26F44300EF39E2 /* EmergencyServiceViewModel.swift */,
				0DE7278F1D3809BE0006796D /* SeismListViewModel.swift */,
				0DFC0C581D395AB600DADCF9 /* SeismDetailViewModel.swift */,
			);
			name = ViewModels;
			sourceTree = "<group>";
		};
		0DE18D8E1D26DCB700EF39E2 /* Cells */ = {
			isa = PBXGroup;
			children = (
				0DE18D8C1D26DCAF00EF39E2 /* PhoneNumbersCell.swift */,
				0DE34B4A1D36C92B00742793 /* SeismCell.swift */,
			);
			name = Cells;
			sourceTree = "<group>";
		};
		0DFD00001D2877F900DD0111 /* API */ = {
			isa = PBXGroup;
			children = (
				0D249A4C1D2D764400855178 /* IpInfoAPIService.swift */,
				0DFD00011D28783100DD0111 /* SismicappAPIService.swift */,
			);
			name = API;
			sourceTree = "<group>";
		};
		9B6A1882D789D84E2CF3D38A /* Frameworks */ = {
			isa = PBXGroup;
			children = (
				0DB4E9EC1D333762002690EA /* Alamofire.framework */,
				0DB4E9ED1D333762002690EA /* RxAlamofire.framework */,
				0DB4E9EE1D333762002690EA /* RxBlocking.framework */,
				0DB4E9EF1D333762002690EA /* RxCocoa.framework */,
				0DB4E9F01D333762002690EA /* RxSwift.framework */,
				0DB4E9F11D333762002690EA /* SwiftyJSON.framework */,
				C274961A5E7AEC3E6D378FAA /* Pods_sismicapp.framework */,
				55788E71FD09D340C2DCEDF6 /* Pods_sismicappTests.framework */,
				5C0061A2D95E98941D3CB8AC /* Pods_sismicappUITests.framework */,
			);
			name = Frameworks;
			sourceTree = "<group>";
		};
		CDDA63EC2AA09F0281E80CDC /* Pods */ = {
			isa = PBXGroup;
			children = (
				7E52EF8E984E5EA7F5F76926 /* Pods-sismicapp.debug.xcconfig */,
				7DEFC4C69783DF59CC25FA87 /* Pods-sismicapp.release.xcconfig */,
				7B3356C173A31D813037E03B /* Pods-sismicappTests.debug.xcconfig */,
				91BA1D753991A21E501A7EBD /* Pods-sismicappTests.release.xcconfig */,
				0BB3F19778752E9214A01DD3 /* Pods-sismicappUITests.debug.xcconfig */,
				C21D9D1ED4B73F381738FCAF /* Pods-sismicappUITests.release.xcconfig */,
			);
			name = Pods;
			sourceTree = "<group>";
		};
/* End PBXGroup section */

/* Begin PBXNativeTarget section */
		0D5D71351CECD12E000125FC /* sismicapp */ = {
			isa = PBXNativeTarget;
			buildConfigurationList = 0D5D71601CECD12F000125FC /* Build configuration list for PBXNativeTarget "sismicapp" */;
			buildPhases = (
				BF9CB1483018D5578FD2544D /* [CP] Check Pods Manifest.lock */,
				0D5D71321CECD12E000125FC /* Sources */,
				0D5D71331CECD12E000125FC /* Frameworks */,
				0D5D71341CECD12E000125FC /* Resources */,
				9B955F620177A0BD341B884D /* [CP] Embed Pods Frameworks */,
				4BC61B9B2D4567B3FCFD05FA /* [CP] Copy Pods Resources */,
			);
			buildRules = (
			);
			dependencies = (
			);
			name = sismicapp;
			productName = sismicapp;
			productReference = 0D5D71361CECD12E000125FC /* sismicapp.app */;
			productType = "com.apple.product-type.application";
		};
		0D5D714B1CECD12F000125FC /* sismicappTests */ = {
			isa = PBXNativeTarget;
			buildConfigurationList = 0D5D71631CECD12F000125FC /* Build configuration list for PBXNativeTarget "sismicappTests" */;
			buildPhases = (
				99561085ACF32A10F83A5E95 /* [CP] Check Pods Manifest.lock */,
				0D5D71481CECD12F000125FC /* Sources */,
				0D5D71491CECD12F000125FC /* Frameworks */,
				0D5D714A1CECD12F000125FC /* Resources */,
				445F7EC4B4FE67AC9150F0D3 /* [CP] Embed Pods Frameworks */,
				18C6DB39B9C213C0581576A1 /* [CP] Copy Pods Resources */,
			);
			buildRules = (
			);
			dependencies = (
				0D5D714E1CECD12F000125FC /* PBXTargetDependency */,
			);
			name = sismicappTests;
			productName = sismicappTests;
			productReference = 0D5D714C1CECD12F000125FC /* sismicappTests.xctest */;
			productType = "com.apple.product-type.bundle.unit-test";
		};
		0D5D71561CECD12F000125FC /* sismicappUITests */ = {
			isa = PBXNativeTarget;
			buildConfigurationList = 0D5D71661CECD12F000125FC /* Build configuration list for PBXNativeTarget "sismicappUITests" */;
			buildPhases = (
				D0DCC8D2523E4F20D8E09E9D /* [CP] Check Pods Manifest.lock */,
				0D5D71531CECD12F000125FC /* Sources */,
				0D5D71541CECD12F000125FC /* Frameworks */,
				0D5D71551CECD12F000125FC /* Resources */,
				EFA5CA114465B72B2E39E3AF /* [CP] Copy Pods Resources */,
			);
			buildRules = (
			);
			dependencies = (
				0D5D71591CECD12F000125FC /* PBXTargetDependency */,
			);
			name = sismicappUITests;
			productName = sismicappUITests;
			productReference = 0D5D71571CECD12F000125FC /* sismicappUITests.xctest */;
			productType = "com.apple.product-type.bundle.ui-testing";
		};
/* End PBXNativeTarget section */

/* Begin PBXProject section */
		0D5D712E1CECD12E000125FC /* Project object */ = {
			isa = PBXProject;
			attributes = {
				LastSwiftUpdateCheck = 0730;
				LastUpgradeCheck = 0730;
				ORGANIZATIONNAME = "Juan Beleño Díaz";
				TargetAttributes = {
					0D5D71351CECD12E000125FC = {
						CreatedOnToolsVersion = 7.3.1;
						DevelopmentTeam = 28SW7WAG39;
					};
					0D5D714B1CECD12F000125FC = {
						CreatedOnToolsVersion = 7.3.1;
						TestTargetID = 0D5D71351CECD12E000125FC;
					};
					0D5D71561CECD12F000125FC = {
						CreatedOnToolsVersion = 7.3.1;
						TestTargetID = 0D5D71351CECD12E000125FC;
					};
				};
			};
			buildConfigurationList = 0D5D71311CECD12E000125FC /* Build configuration list for PBXProject "sismicapp" */;
			compatibilityVersion = "Xcode 3.2";
			developmentRegion = English;
			hasScannedForEncodings = 0;
			knownRegions = (
				en,
				Base,
			);
			mainGroup = 0D5D712D1CECD12E000125FC;
			productRefGroup = 0D5D71371CECD12E000125FC /* Products */;
			projectDirPath = "";
			projectRoot = "";
			targets = (
				0D5D71351CECD12E000125FC /* sismicapp */,
				0D5D714B1CECD12F000125FC /* sismicappTests */,
				0D5D71561CECD12F000125FC /* sismicappUITests */,
			);
		};
/* End PBXProject section */

/* Begin PBXResourcesBuildPhase section */
		0D5D71341CECD12E000125FC /* Resources */ = {
			isa = PBXResourcesBuildPhase;
			buildActionMask = 2147483647;
			files = (
				0D5D71461CECD12F000125FC /* LaunchScreen.storyboard in Resources */,
				0DDD2A331D1351EA002BC775 /* GoogleService-Info.plist in Resources */,
				0D5D71431CECD12F000125FC /* Assets.xcassets in Resources */,
				0D5D71411CECD12F000125FC /* Main.storyboard in Resources */,
			);
			runOnlyForDeploymentPostprocessing = 0;
		};
		0D5D714A1CECD12F000125FC /* Resources */ = {
			isa = PBXResourcesBuildPhase;
			buildActionMask = 2147483647;
			files = (
			);
			runOnlyForDeploymentPostprocessing = 0;
		};
		0D5D71551CECD12F000125FC /* Resources */ = {
			isa = PBXResourcesBuildPhase;
			buildActionMask = 2147483647;
			files = (
			);
			runOnlyForDeploymentPostprocessing = 0;
		};
/* End PBXResourcesBuildPhase section */

/* Begin PBXShellScriptBuildPhase section */
		18C6DB39B9C213C0581576A1 /* [CP] Copy Pods Resources */ = {
			isa = PBXShellScriptBuildPhase;
			buildActionMask = 2147483647;
			files = (
			);
			inputPaths = (
			);
			name = "[CP] Copy Pods Resources";
			outputPaths = (
			);
			runOnlyForDeploymentPostprocessing = 0;
			shellPath = /bin/sh;
			shellScript = "\"${SRCROOT}/Pods/Target Support Files/Pods-sismicappTests/Pods-sismicappTests-resources.sh\"\n";
			showEnvVarsInLog = 0;
		};
		445F7EC4B4FE67AC9150F0D3 /* [CP] Embed Pods Frameworks */ = {
			isa = PBXShellScriptBuildPhase;
			buildActionMask = 2147483647;
			files = (
			);
			inputPaths = (
			);
			name = "[CP] Embed Pods Frameworks";
			outputPaths = (
			);
			runOnlyForDeploymentPostprocessing = 0;
			shellPath = /bin/sh;
			shellScript = "\"${SRCROOT}/Pods/Target Support Files/Pods-sismicappTests/Pods-sismicappTests-frameworks.sh\"\n";
			showEnvVarsInLog = 0;
		};
		4BC61B9B2D4567B3FCFD05FA /* [CP] Copy Pods Resources */ = {
			isa = PBXShellScriptBuildPhase;
			buildActionMask = 2147483647;
			files = (
			);
			inputPaths = (
			);
			name = "[CP] Copy Pods Resources";
			outputPaths = (
			);
			runOnlyForDeploymentPostprocessing = 0;
			shellPath = /bin/sh;
			shellScript = "\"${SRCROOT}/Pods/Target Support Files/Pods-sismicapp/Pods-sismicapp-resources.sh\"\n";
			showEnvVarsInLog = 0;
		};
		99561085ACF32A10F83A5E95 /* [CP] Check Pods Manifest.lock */ = {
			isa = PBXShellScriptBuildPhase;
			buildActionMask = 2147483647;
			files = (
			);
			inputPaths = (
			);
			name = "[CP] Check Pods Manifest.lock";
			outputPaths = (
			);
			runOnlyForDeploymentPostprocessing = 0;
			shellPath = /bin/sh;
			shellScript = "diff \"${PODS_ROOT}/../Podfile.lock\" \"${PODS_ROOT}/Manifest.lock\" > /dev/null\nif [[ $? != 0 ]] ; then\n    cat << EOM\nerror: The sandbox is not in sync with the Podfile.lock. Run 'pod install' or update your CocoaPods installation.\nEOM\n    exit 1\nfi\n";
			showEnvVarsInLog = 0;
		};
		9B955F620177A0BD341B884D /* [CP] Embed Pods Frameworks */ = {
			isa = PBXShellScriptBuildPhase;
			buildActionMask = 2147483647;
			files = (
			);
			inputPaths = (
			);
			name = "[CP] Embed Pods Frameworks";
			outputPaths = (
			);
			runOnlyForDeploymentPostprocessing = 0;
			shellPath = /bin/sh;
			shellScript = "\"${SRCROOT}/Pods/Target Support Files/Pods-sismicapp/Pods-sismicapp-frameworks.sh\"\n";
			showEnvVarsInLog = 0;
		};
		BF9CB1483018D5578FD2544D /* [CP] Check Pods Manifest.lock */ = {
			isa = PBXShellScriptBuildPhase;
			buildActionMask = 2147483647;
			files = (
			);
			inputPaths = (
			);
			name = "[CP] Check Pods Manifest.lock";
			outputPaths = (
			);
			runOnlyForDeploymentPostprocessing = 0;
			shellPath = /bin/sh;
			shellScript = "diff \"${PODS_ROOT}/../Podfile.lock\" \"${PODS_ROOT}/Manifest.lock\" > /dev/null\nif [[ $? != 0 ]] ; then\n    cat << EOM\nerror: The sandbox is not in sync with the Podfile.lock. Run 'pod install' or update your CocoaPods installation.\nEOM\n    exit 1\nfi\n";
			showEnvVarsInLog = 0;
		};
		D0DCC8D2523E4F20D8E09E9D /* [CP] Check Pods Manifest.lock */ = {
			isa = PBXShellScriptBuildPhase;
			buildActionMask = 2147483647;
			files = (
			);
			inputPaths = (
			);
			name = "[CP] Check Pods Manifest.lock";
			outputPaths = (
			);
			runOnlyForDeploymentPostprocessing = 0;
			shellPath = /bin/sh;
			shellScript = "diff \"${PODS_ROOT}/../Podfile.lock\" \"${PODS_ROOT}/Manifest.lock\" > /dev/null\nif [[ $? != 0 ]] ; then\n    cat << EOM\nerror: The sandbox is not in sync with the Podfile.lock. Run 'pod install' or update your CocoaPods installation.\nEOM\n    exit 1\nfi\n";
			showEnvVarsInLog = 0;
		};
		EFA5CA114465B72B2E39E3AF /* [CP] Copy Pods Resources */ = {
			isa = PBXShellScriptBuildPhase;
			buildActionMask = 2147483647;
			files = (
			);
			inputPaths = (
			);
			name = "[CP] Copy Pods Resources";
			outputPaths = (
			);
			runOnlyForDeploymentPostprocessing = 0;
			shellPath = /bin/sh;
			shellScript = "\"${SRCROOT}/Pods/Target Support Files/Pods-sismicappUITests/Pods-sismicappUITests-resources.sh\"\n";
			showEnvVarsInLog = 0;
		};
/* End PBXShellScriptBuildPhase section */

/* Begin PBXSourcesBuildPhase section */
		0D5D71321CECD12E000125FC /* Sources */ = {
			isa = PBXSourcesBuildPhase;
			buildActionMask = 2147483647;
			files = (
				0DE18D881D26DA9C00EF39E2 /* SettingsController.swift in Sources */,
				0D4A762F1D2B3CF300C32907 /* Text.swift in Sources */,
				0DE7278E1D3805B40006796D /* Seism.swift in Sources */,
				0DFC0C591D395AB600DADCF9 /* SeismDetailViewModel.swift in Sources */,
				0DE18D901D26F34D00EF39E2 /* EmergencyService.swift in Sources */,
				0D0624171D2C2B260051FDF0 /* Device.swift in Sources */,
				0DFD00021D28783100DD0111 /* SismicappAPIService.swift in Sources */,
				0DE18D871D26DA9C00EF39E2 /* SeismController.swift in Sources */,
				0DE34B4B1D36C92B00742793 /* SeismCell.swift in Sources */,
				0D249A4B1D2D703E00855178 /* DeviceViewModel.swift in Sources */,
				0DE18D811D26DA9C00EF39E2 /* EmergencyNumbersController.swift in Sources */,
				0D249A4F1D2D814E00855178 /* DeviceInfo.swift in Sources */,
				0DE18D8D1D26DCAF00EF39E2 /* PhoneNumbersCell.swift in Sources */,
				0DE18D831D26DA9C00EF39E2 /* HomeController.swift in Sources */,
				0DE18D921D26F44300EF39E2 /* EmergencyServiceViewModel.swift in Sources */,
				0D4A76311D2B3D8800C32907 /* UIViewController+presentError.swift in Sources */,
				0DE18D821D26DA9C00EF39E2 /* FeedbackController.swift in Sources */,
				0DE18D851D26DA9C00EF39E2 /* NotificationsController.swift in Sources */,
				0DE727901D3809BE0006796D /* SeismListViewModel.swift in Sources */,
				0D249A4D1D2D764400855178 /* IpInfoAPIService.swift in Sources */,
				0DE18D841D26DA9C00EF39E2 /* InformationController.swift in Sources */,
				0D5D713A1CECD12F000125FC /* AppDelegate.swift in Sources */,
				0DE18D861D26DA9C00EF39E2 /* RedButtonController.swift in Sources */,
			);
			runOnlyForDeploymentPostprocessing = 0;
		};
		0D5D71481CECD12F000125FC /* Sources */ = {
			isa = PBXSourcesBuildPhase;
			buildActionMask = 2147483647;
			files = (
				0D5D71511CECD12F000125FC /* sismicappTests.swift in Sources */,
			);
			runOnlyForDeploymentPostprocessing = 0;
		};
		0D5D71531CECD12F000125FC /* Sources */ = {
			isa = PBXSourcesBuildPhase;
			buildActionMask = 2147483647;
			files = (
				0D5D715C1CECD12F000125FC /* sismicappUITests.swift in Sources */,
			);
			runOnlyForDeploymentPostprocessing = 0;
		};
/* End PBXSourcesBuildPhase section */

/* Begin PBXTargetDependency section */
		0D5D714E1CECD12F000125FC /* PBXTargetDependency */ = {
			isa = PBXTargetDependency;
			target = 0D5D71351CECD12E000125FC /* sismicapp */;
			targetProxy = 0D5D714D1CECD12F000125FC /* PBXContainerItemProxy */;
		};
		0D5D71591CECD12F000125FC /* PBXTargetDependency */ = {
			isa = PBXTargetDependency;
			target = 0D5D71351CECD12E000125FC /* sismicapp */;
			targetProxy = 0D5D71581CECD12F000125FC /* PBXContainerItemProxy */;
		};
/* End PBXTargetDependency section */

/* Begin PBXVariantGroup section */
		0D5D713F1CECD12F000125FC /* Main.storyboard */ = {
			isa = PBXVariantGroup;
			children = (
				0D5D71401CECD12F000125FC /* Base */,
			);
			name = Main.storyboard;
			sourceTree = "<group>";
		};
		0D5D71441CECD12F000125FC /* LaunchScreen.storyboard */ = {
			isa = PBXVariantGroup;
			children = (
				0D5D71451CECD12F000125FC /* Base */,
			);
			name = LaunchScreen.storyboard;
			sourceTree = "<group>";
		};
/* End PBXVariantGroup section */

/* Begin XCBuildConfiguration section */
		0D5D715E1CECD12F000125FC /* Debug */ = {
			isa = XCBuildConfiguration;
			buildSettings = {
				ALWAYS_SEARCH_USER_PATHS = NO;
				CLANG_ANALYZER_NONNULL = YES;
				CLANG_CXX_LANGUAGE_STANDARD = "gnu++0x";
				CLANG_CXX_LIBRARY = "libc++";
				CLANG_ENABLE_MODULES = YES;
				CLANG_ENABLE_OBJC_ARC = YES;
				CLANG_WARN_BOOL_CONVERSION = YES;
				CLANG_WARN_CONSTANT_CONVERSION = YES;
				CLANG_WARN_DIRECT_OBJC_ISA_USAGE = YES_ERROR;
				CLANG_WARN_EMPTY_BODY = YES;
				CLANG_WARN_ENUM_CONVERSION = YES;
				CLANG_WARN_INT_CONVERSION = YES;
				CLANG_WARN_OBJC_ROOT_CLASS = YES_ERROR;
				CLANG_WARN_UNREACHABLE_CODE = YES;
				CLANG_WARN__DUPLICATE_METHOD_MATCH = YES;
				"CODE_SIGN_IDENTITY[sdk=iphoneos*]" = "iPhone Developer";
				COPY_PHASE_STRIP = NO;
				DEBUG_INFORMATION_FORMAT = dwarf;
				ENABLE_STRICT_OBJC_MSGSEND = YES;
				ENABLE_TESTABILITY = YES;
				GCC_C_LANGUAGE_STANDARD = gnu99;
				GCC_DYNAMIC_NO_PIC = NO;
				GCC_NO_COMMON_BLOCKS = YES;
				GCC_OPTIMIZATION_LEVEL = 0;
				GCC_PREPROCESSOR_DEFINITIONS = (
					"DEBUG=1",
					"$(inherited)",
				);
				GCC_WARN_64_TO_32_BIT_CONVERSION = YES;
				GCC_WARN_ABOUT_RETURN_TYPE = YES_ERROR;
				GCC_WARN_UNDECLARED_SELECTOR = YES;
				GCC_WARN_UNINITIALIZED_AUTOS = YES_AGGRESSIVE;
				GCC_WARN_UNUSED_FUNCTION = YES;
				GCC_WARN_UNUSED_VARIABLE = YES;
				IPHONEOS_DEPLOYMENT_TARGET = 9.3;
				MTL_ENABLE_DEBUG_INFO = YES;
				ONLY_ACTIVE_ARCH = YES;
				SDKROOT = iphoneos;
				SWIFT_OPTIMIZATION_LEVEL = "-Onone";
			};
			name = Debug;
		};
		0D5D715F1CECD12F000125FC /* Release */ = {
			isa = XCBuildConfiguration;
			buildSettings = {
				ALWAYS_SEARCH_USER_PATHS = NO;
				CLANG_ANALYZER_NONNULL = YES;
				CLANG_CXX_LANGUAGE_STANDARD = "gnu++0x";
				CLANG_CXX_LIBRARY = "libc++";
				CLANG_ENABLE_MODULES = YES;
				CLANG_ENABLE_OBJC_ARC = YES;
				CLANG_WARN_BOOL_CONVERSION = YES;
				CLANG_WARN_CONSTANT_CONVERSION = YES;
				CLANG_WARN_DIRECT_OBJC_ISA_USAGE = YES_ERROR;
				CLANG_WARN_EMPTY_BODY = YES;
				CLANG_WARN_ENUM_CONVERSION = YES;
				CLANG_WARN_INT_CONVERSION = YES;
				CLANG_WARN_OBJC_ROOT_CLASS = YES_ERROR;
				CLANG_WARN_UNREACHABLE_CODE = YES;
				CLANG_WARN__DUPLICATE_METHOD_MATCH = YES;
				"CODE_SIGN_IDENTITY[sdk=iphoneos*]" = "iPhone Developer";
				COPY_PHASE_STRIP = NO;
				DEBUG_INFORMATION_FORMAT = "dwarf-with-dsym";
				ENABLE_NS_ASSERTIONS = NO;
				ENABLE_STRICT_OBJC_MSGSEND = YES;
				GCC_C_LANGUAGE_STANDARD = gnu99;
				GCC_NO_COMMON_BLOCKS = YES;
				GCC_WARN_64_TO_32_BIT_CONVERSION = YES;
				GCC_WARN_ABOUT_RETURN_TYPE = YES_ERROR;
				GCC_WARN_UNDECLARED_SELECTOR = YES;
				GCC_WARN_UNINITIALIZED_AUTOS = YES_AGGRESSIVE;
				GCC_WARN_UNUSED_FUNCTION = YES;
				GCC_WARN_UNUSED_VARIABLE = YES;
				IPHONEOS_DEPLOYMENT_TARGET = 9.3;
				MTL_ENABLE_DEBUG_INFO = NO;
				SDKROOT = iphoneos;
				VALIDATE_PRODUCT = YES;
			};
			name = Release;
		};
		0D5D71611CECD12F000125FC /* Debug */ = {
			isa = XCBuildConfiguration;
			baseConfigurationReference = 7E52EF8E984E5EA7F5F76926 /* Pods-sismicapp.debug.xcconfig */;
			buildSettings = {
				ASSETCATALOG_COMPILER_APPICON_NAME = AppIcon;
				CODE_SIGN_IDENTITY = "iPhone Developer";
				INFOPLIST_FILE = sismicapp/Info.plist;
				IPHONEOS_DEPLOYMENT_TARGET = 8.0;
				LD_RUNPATH_SEARCH_PATHS = "$(inherited) @executable_path/Frameworks";
				PRODUCT_BUNDLE_IDENTIFIER = com.jbeleno.sismicapp;
				PRODUCT_NAME = "$(TARGET_NAME)";
			};
			name = Debug;
		};
		0D5D71621CECD12F000125FC /* Release */ = {
			isa = XCBuildConfiguration;
			baseConfigurationReference = 7DEFC4C69783DF59CC25FA87 /* Pods-sismicapp.release.xcconfig */;
			buildSettings = {
				ASSETCATALOG_COMPILER_APPICON_NAME = AppIcon;
				CODE_SIGN_IDENTITY = "iPhone Developer";
				INFOPLIST_FILE = sismicapp/Info.plist;
				IPHONEOS_DEPLOYMENT_TARGET = 8.0;
				LD_RUNPATH_SEARCH_PATHS = "$(inherited) @executable_path/Frameworks";
				PRODUCT_BUNDLE_IDENTIFIER = com.jbeleno.sismicapp;
				PRODUCT_NAME = "$(TARGET_NAME)";
			};
			name = Release;
		};
		0D5D71641CECD12F000125FC /* Debug */ = {
			isa = XCBuildConfiguration;
			baseConfigurationReference = 7B3356C173A31D813037E03B /* Pods-sismicappTests.debug.xcconfig */;
			buildSettings = {
				BUNDLE_LOADER = "$(TEST_HOST)";
				INFOPLIST_FILE = sismicappTests/Info.plist;
				LD_RUNPATH_SEARCH_PATHS = "$(inherited) @executable_path/Frameworks @loader_path/Frameworks";
				PRODUCT_BUNDLE_IDENTIFIER = com.jbeleno.sismicappTests;
				PRODUCT_NAME = "$(TARGET_NAME)";
				TEST_HOST = "$(BUILT_PRODUCTS_DIR)/sismicapp.app/sismicapp";
			};
			name = Debug;
		};
		0D5D71651CECD12F000125FC /* Release */ = {
			isa = XCBuildConfiguration;
			baseConfigurationReference = 91BA1D753991A21E501A7EBD /* Pods-sismicappTests.release.xcconfig */;
			buildSettings = {
				BUNDLE_LOADER = "$(TEST_HOST)";
				INFOPLIST_FILE = sismicappTests/Info.plist;
				LD_RUNPATH_SEARCH_PATHS = "$(inherited) @executable_path/Frameworks @loader_path/Frameworks";
				PRODUCT_BUNDLE_IDENTIFIER = com.jbeleno.sismicappTests;
				PRODUCT_NAME = "$(TARGET_NAME)";
				TEST_HOST = "$(BUILT_PRODUCTS_DIR)/sismicapp.app/sismicapp";
			};
			name = Release;
		};
		0D5D71671CECD12F000125FC /* Debug */ = {
			isa = XCBuildConfiguration;
			baseConfigurationReference = 0BB3F19778752E9214A01DD3 /* Pods-sismicappUITests.debug.xcconfig */;
			buildSettings = {
				INFOPLIST_FILE = sismicappUITests/Info.plist;
				LD_RUNPATH_SEARCH_PATHS = "$(inherited) @executable_path/Frameworks @loader_path/Frameworks";
				PRODUCT_BUNDLE_IDENTIFIER = com.jbeleno.sismicappUITests;
				PRODUCT_NAME = "$(TARGET_NAME)";
				TEST_TARGET_NAME = sismicapp;
			};
			name = Debug;
		};
		0D5D71681CECD12F000125FC /* Release */ = {
			isa = XCBuildConfiguration;
			baseConfigurationReference = C21D9D1ED4B73F381738FCAF /* Pods-sismicappUITests.release.xcconfig */;
			buildSettings = {
				INFOPLIST_FILE = sismicappUITests/Info.plist;
				LD_RUNPATH_SEARCH_PATHS = "$(inherited) @executable_path/Frameworks @loader_path/Frameworks";
				PRODUCT_BUNDLE_IDENTIFIER = com.jbeleno.sismicappUITests;
				PRODUCT_NAME = "$(TARGET_NAME)";
				TEST_TARGET_NAME = sismicapp;
			};
			name = Release;
		};
/* End XCBuildConfiguration section */

/* Begin XCConfigurationList section */
		0D5D71311CECD12E000125FC /* Build configuration list for PBXProject "sismicapp" */ = {
			isa = XCConfigurationList;
			buildConfigurations = (
				0D5D715E1CECD12F000125FC /* Debug */,
				0D5D715F1CECD12F000125FC /* Release */,
			);
			defaultConfigurationIsVisible = 0;
			defaultConfigurationName = Release;
		};
		0D5D71601CECD12F000125FC /* Build configuration list for PBXNativeTarget "sismicapp" */ = {
			isa = XCConfigurationList;
			buildConfigurations = (
				0D5D71611CECD12F000125FC /* Debug */,
				0D5D71621CECD12F000125FC /* Release */,
			);
			defaultConfigurationIsVisible = 0;
			defaultConfigurationName = Release;
		};
		0D5D71631CECD12F000125FC /* Build configuration list for PBXNativeTarget "sismicappTests" */ = {
			isa = XCConfigurationList;
			buildConfigurations = (
				0D5D71641CECD12F000125FC /* Debug */,
				0D5D71651CECD12F000125FC /* Release */,
			);
			defaultConfigurationIsVisible = 0;
			defaultConfigurationName = Release;
		};
		0D5D71661CECD12F000125FC /* Build configuration list for PBXNativeTarget "sismicappUITests" */ = {
			isa = XCConfigurationList;
			buildConfigurations = (
				0D5D71671CECD12F000125FC /* Debug */,
				0D5D71681CECD12F000125FC /* Release */,
			);
			defaultConfigurationIsVisible = 0;
			defaultConfigurationName = Release;
		};
/* End XCConfigurationList section */
	};
	rootObject = 0D5D712E1CECD12E000125FC /* Project object */;
}
